
Microsoft Visual Studio Solution File, Format Version 12.00
Project("{FAE04EC0-301F-11D3-BF4B-00C04F79EFBC}") = "RegularGrammarForUniLab", "RegularGrammarForUniLab\RegularGrammarForUniLab.csproj", "{A9270757-E1C5-4E2E-B776-6204A8AFF147}"
EndProject
Project("{FAE04EC0-301F-11D3-BF4B-00C04F79EFBC}") = "FiniteAutomataForUniLab", "FiniteAutomataForUniLab\FiniteAutomataForUniLab.csproj", "{902A6A44-C1AB-4543-9DB1-9AAE3FC1A088}"
EndProject
Project("{FAE04EC0-301F-11D3-BF4B-00C04F79EFBC}") = "LexerForUniLab", "LexerForUniLab\LexerForUniLab.csproj", "{BDD08C8D-A13F-40CC-9211-5772EFC8C5A6}"
EndProject
Project("{FAE04EC0-301F-11D3-BF4B-00C04F79EFBC}") = "RegularExpressionsForUniLab", "RegularExpressionsForUniLab\RegularExpressionsForUniLab.csproj", "{44000818-6883-4DE1-A409-6E0BBD4BFF9D}"
EndProject
Project("{FAE04EC0-301F-11D3-BF4B-00C04F79EFBC}") = "ChomskyNormalForm", "ChomskyNormalForm\ChomskyNormalForm.csproj", "{75426466-A7FD-4E3E-92B6-7A399A2CD14E}"
EndProject
Global
	GlobalSection(SolutionConfigurationPlatforms) = preSolution
		Debug|Any CPU = Debug|Any CPU
		Release|Any CPU = Release|Any CPU
	EndGlobalSection
	GlobalSection(ProjectConfigurationPlatforms) = postSolution
		{A9270757-E1C5-4E2E-B776-6204A8AFF147}.Debug|Any CPU.ActiveCfg = Debug|Any CPU
		{A9270757-E1C5-4E2E-B776-6204A8AFF147}.Debug|Any CPU.Build.0 = Debug|Any CPU
		{A9270757-E1C5-4E2E-B776-6204A8AFF147}.Release|Any CPU.ActiveCfg = Release|Any CPU
		{A9270757-E1C5-4E2E-B776-6204A8AFF147}.Release|Any CPU.Build.0 = Release|Any CPU
		{902A6A44-C1AB-4543-9DB1-9AAE3FC1A088}.Debug|Any CPU.ActiveCfg = Debug|Any CPU
		{902A6A44-C1AB-4543-9DB1-9AAE3FC1A088}.Debug|Any CPU.Build.0 = Debug|Any CPU
		{902A6A44-C1AB-4543-9DB1-9AAE3FC1A088}.Release|Any CPU.ActiveCfg = Release|Any CPU
		{902A6A44-C1AB-4543-9DB1-9AAE3FC1A088}.Release|Any CPU.Build.0 = Release|Any CPU
		{BDD08C8D-A13F-40CC-9211-5772EFC8C5A6}.Debug|Any CPU.ActiveCfg = Debug|Any CPU
		{BDD08C8D-A13F-40CC-9211-5772EFC8C5A6}.Debug|Any CPU.Build.0 = Debug|Any CPU
		{BDD08C8D-A13F-40CC-9211-5772EFC8C5A6}.Release|Any CPU.ActiveCfg = Release|Any CPU
		{BDD08C8D-A13F-40CC-9211-5772EFC8C5A6}.Release|Any CPU.Build.0 = Release|Any CPU
		{44000818-6883-4DE1-A409-6E0BBD4BFF9D}.Debug|Any CPU.ActiveCfg = Debug|Any CPU
		{44000818-6883-4DE1-A409-6E0BBD4BFF9D}.Debug|Any CPU.Build.0 = Debug|Any CPU
		{44000818-6883-4DE1-A409-6E0BBD4BFF9D}.Release|Any CPU.ActiveCfg = Release|Any CPU
		{44000818-6883-4DE1-A409-6E0BBD4BFF9D}.Release|Any CPU.Build.0 = Release|Any CPU
		{75426466-A7FD-4E3E-92B6-7A399A2CD14E}.Debug|Any CPU.ActiveCfg = Debug|Any CPU
		{75426466-A7FD-4E3E-92B6-7A399A2CD14E}.Debug|Any CPU.Build.0 = Debug|Any CPU
		{75426466-A7FD-4E3E-92B6-7A399A2CD14E}.Release|Any CPU.ActiveCfg = Release|Any CPU
		{75426466-A7FD-4E3E-92B6-7A399A2CD14E}.Release|Any CPU.Build.0 = Release|Any CPU
	EndGlobalSection
EndGlobal
