
Microsoft Visual Studio Solution File, Format Version 12.00
Project("{FAE04EC0-301F-11D3-BF4B-00C04F79EFBC}") = "LFALab", "LFALab\LFALab.csproj", "{A9270757-E1C5-4E2E-B776-6204A8AFF147}"
EndProject
Global
	GlobalSection(SolutionConfigurationPlatforms) = preSolution
		Debug|Any CPU = Debug|Any CPU
		Release|Any CPU = Release|Any CPU
	EndGlobalSection
	GlobalSection(ProjectConfigurationPlatforms) = postSolution
		{A9270757-E1C5-4E2E-B776-6204A8AFF147}.Debug|Any CPU.ActiveCfg = Debug|Any CPU
		{A9270757-E1C5-4E2E-B776-6204A8AFF147}.Debug|Any CPU.Build.0 = Debug|Any CPU
		{A9270757-E1C5-4E2E-B776-6204A8AFF147}.Release|Any CPU.ActiveCfg = Release|Any CPU
		{A9270757-E1C5-4E2E-B776-6204A8AFF147}.Release|Any CPU.Build.0 = Release|Any CPU
	EndGlobalSection
EndGlobal
